
Microsoft Visual Studio Solution File, Format Version 12.00
# Visual Studio 15
VisualStudioVersion = 15.0.28010.2046
MinimumVisualStudioVersion = 10.0.40219.1
Project("{FAE04EC0-301F-11D3-BF4B-00C04F79EFBC}") = "AppPrefs.Android", "AppPrefs\AppPrefs.Android\AppPrefs.Android.csproj", "{2B922305-1180-4073-A797-02E35460129B}"
EndProject
Project("{FAE04EC0-301F-11D3-BF4B-00C04F79EFBC}") = "AppPrefs.iOS", "AppPrefs\AppPrefs.iOS\AppPrefs.iOS.csproj", "{BE819532-426B-4188-9EDE-7B3922749C65}"
EndProject
Project("{FAE04EC0-301F-11D3-BF4B-00C04F79EFBC}") = "AppPrefs.UWP", "AppPrefs\AppPrefs.UWP\AppPrefs.UWP.csproj", "{A3F356F3-77BF-4184-918A-FB19B79D218F}"
EndProject
Project("{FAE04EC0-301F-11D3-BF4B-00C04F79EFBC}") = "AppPrefs", "AppPrefs\AppPrefs\AppPrefs.csproj", "{C9B3DAC4-0A45-48D6-A487-FFA28FEFFA9E}"
EndProject
Global
	GlobalSection(SolutionConfigurationPlatforms) = preSolution
		Ad-Hoc|Any CPU = Ad-Hoc|Any CPU
		Ad-Hoc|ARM = Ad-Hoc|ARM
		Ad-Hoc|iPhone = Ad-Hoc|iPhone
		Ad-Hoc|iPhoneSimulator = Ad-Hoc|iPhoneSimulator
		Ad-Hoc|x64 = Ad-Hoc|x64
		Ad-Hoc|x86 = Ad-Hoc|x86
		AppStore|Any CPU = AppStore|Any CPU
		AppStore|ARM = AppStore|ARM
		AppStore|iPhone = AppStore|iPhone
		AppStore|iPhoneSimulator = AppStore|iPhoneSimulator
		AppStore|x64 = AppStore|x64
		AppStore|x86 = AppStore|x86
		Debug|Any CPU = Debug|Any CPU
		Debug|ARM = Debug|ARM
		Debug|iPhone = Debug|iPhone
		Debug|iPhoneSimulator = Debug|iPhoneSimulator
		Debug|x64 = Debug|x64
		Debug|x86 = Debug|x86
		Release|Any CPU = Release|Any CPU
		Release|ARM = Release|ARM
		Release|iPhone = Release|iPhone
		Release|iPhoneSimulator = Release|iPhoneSimulator
		Release|x64 = Release|x64
		Release|x86 = Release|x86
	EndGlobalSection
	GlobalSection(ProjectConfigurationPlatforms) = postSolution
		{2B922305-1180-4073-A797-02E35460129B}.Ad-Hoc|Any CPU.ActiveCfg = Release|Any CPU
		{2B922305-1180-4073-A797-02E35460129B}.Ad-Hoc|Any CPU.Build.0 = Release|Any CPU
		{2B922305-1180-4073-A797-02E35460129B}.Ad-Hoc|Any CPU.Deploy.0 = Release|Any CPU
		{2B922305-1180-4073-A797-02E35460129B}.Ad-Hoc|ARM.ActiveCfg = Release|Any CPU
		{2B922305-1180-4073-A797-02E35460129B}.Ad-Hoc|ARM.Build.0 = Release|Any CPU
		{2B922305-1180-4073-A797-02E35460129B}.Ad-Hoc|ARM.Deploy.0 = Release|Any CPU
		{2B922305-1180-4073-A797-02E35460129B}.Ad-Hoc|iPhone.ActiveCfg = Release|Any CPU
		{2B922305-1180-4073-A797-02E35460129B}.Ad-Hoc|iPhone.Build.0 = Release|Any CPU
		{2B922305-1180-4073-A797-02E35460129B}.Ad-Hoc|iPhone.Deploy.0 = Release|Any CPU
		{2B922305-1180-4073-A797-02E35460129B}.Ad-Hoc|iPhoneSimulator.ActiveCfg = Release|Any CPU
		{2B922305-1180-4073-A797-02E35460129B}.Ad-Hoc|iPhoneSimulator.Build.0 = Release|Any CPU
		{2B922305-1180-4073-A797-02E35460129B}.Ad-Hoc|iPhoneSimulator.Deploy.0 = Release|Any CPU
		{2B922305-1180-4073-A797-02E35460129B}.Ad-Hoc|x64.ActiveCfg = Release|Any CPU
		{2B922305-1180-4073-A797-02E35460129B}.Ad-Hoc|x64.Build.0 = Release|Any CPU
		{2B922305-1180-4073-A797-02E35460129B}.Ad-Hoc|x64.Deploy.0 = Release|Any CPU
		{2B922305-1180-4073-A797-02E35460129B}.Ad-Hoc|x86.ActiveCfg = Release|Any CPU
		{2B922305-1180-4073-A797-02E35460129B}.Ad-Hoc|x86.Build.0 = Release|Any CPU
		{2B922305-1180-4073-A797-02E35460129B}.Ad-Hoc|x86.Deploy.0 = Release|Any CPU
		{2B922305-1180-4073-A797-02E35460129B}.AppStore|Any CPU.ActiveCfg = Release|Any CPU
		{2B922305-1180-4073-A797-02E35460129B}.AppStore|Any CPU.Build.0 = Release|Any CPU
		{2B922305-1180-4073-A797-02E35460129B}.AppStore|Any CPU.Deploy.0 = Release|Any CPU
		{2B922305-1180-4073-A797-02E35460129B}.AppStore|ARM.ActiveCfg = Release|Any CPU
		{2B922305-1180-4073-A797-02E35460129B}.AppStore|ARM.Build.0 = Release|Any CPU
		{2B922305-1180-4073-A797-02E35460129B}.AppStore|ARM.Deploy.0 = Release|Any CPU
		{2B922305-1180-4073-A797-02E35460129B}.AppStore|iPhone.ActiveCfg = Release|Any CPU
		{2B922305-1180-4073-A797-02E35460129B}.AppStore|iPhone.Build.0 = Release|Any CPU
		{2B922305-1180-4073-A797-02E35460129B}.AppStore|iPhone.Deploy.0 = Release|Any CPU
		{2B922305-1180-4073-A797-02E35460129B}.AppStore|iPhoneSimulator.ActiveCfg = Release|Any CPU
		{2B922305-1180-4073-A797-02E35460129B}.AppStore|iPhoneSimulator.Build.0 = Release|Any CPU
		{2B922305-1180-4073-A797-02E35460129B}.AppStore|iPhoneSimulator.Deploy.0 = Release|Any CPU
		{2B922305-1180-4073-A797-02E35460129B}.AppStore|x64.ActiveCfg = Release|Any CPU
		{2B922305-1180-4073-A797-02E35460129B}.AppStore|x64.Build.0 = Release|Any CPU
		{2B922305-1180-4073-A797-02E35460129B}.AppStore|x64.Deploy.0 = Release|Any CPU
		{2B922305-1180-4073-A797-02E35460129B}.AppStore|x86.ActiveCfg = Release|Any CPU
		{2B922305-1180-4073-A797-02E35460129B}.AppStore|x86.Build.0 = Release|Any CPU
		{2B922305-1180-4073-A797-02E35460129B}.AppStore|x86.Deploy.0 = Release|Any CPU
		{2B922305-1180-4073-A797-02E35460129B}.Debug|Any CPU.ActiveCfg = Debug|Any CPU
		{2B922305-1180-4073-A797-02E35460129B}.Debug|Any CPU.Build.0 = Debug|Any CPU
		{2B922305-1180-4073-A797-02E35460129B}.Debug|Any CPU.Deploy.0 = Debug|Any CPU
		{2B922305-1180-4073-A797-02E35460129B}.Debug|ARM.ActiveCfg = Debug|Any CPU
		{2B922305-1180-4073-A797-02E35460129B}.Debug|ARM.Build.0 = Debug|Any CPU
		{2B922305-1180-4073-A797-02E35460129B}.Debug|ARM.Deploy.0 = Debug|Any CPU
		{2B922305-1180-4073-A797-02E35460129B}.Debug|iPhone.ActiveCfg = Debug|Any CPU
		{2B922305-1180-4073-A797-02E35460129B}.Debug|iPhone.Build.0 = Debug|Any CPU
		{2B922305-1180-4073-A797-02E35460129B}.Debug|iPhone.Deploy.0 = Debug|Any CPU
		{2B922305-1180-4073-A797-02E35460129B}.Debug|iPhoneSimulator.ActiveCfg = Debug|Any CPU
		{2B922305-1180-4073-A797-02E35460129B}.Debug|iPhoneSimulator.Build.0 = Debug|Any CPU
		{2B922305-1180-4073-A797-02E35460129B}.Debug|iPhoneSimulator.Deploy.0 = Debug|Any CPU
		{2B922305-1180-4073-A797-02E35460129B}.Debug|x64.ActiveCfg = Debug|Any CPU
		{2B922305-1180-4073-A797-02E35460129B}.Debug|x64.Build.0 = Debug|Any CPU
		{2B922305-1180-4073-A797-02E35460129B}.Debug|x64.Deploy.0 = Debug|Any CPU
		{2B922305-1180-4073-A797-02E35460129B}.Debug|x86.ActiveCfg = Debug|Any CPU
		{2B922305-1180-4073-A797-02E35460129B}.Debug|x86.Build.0 = Debug|Any CPU
		{2B922305-1180-4073-A797-02E35460129B}.Debug|x86.Deploy.0 = Debug|Any CPU
		{2B922305-1180-4073-A797-02E35460129B}.Release|Any CPU.ActiveCfg = Release|Any CPU
		{2B922305-1180-4073-A797-02E35460129B}.Release|Any CPU.Build.0 = Release|Any CPU
		{2B922305-1180-4073-A797-02E35460129B}.Release|Any CPU.Deploy.0 = Release|Any CPU
		{2B922305-1180-4073-A797-02E35460129B}.Release|ARM.ActiveCfg = Release|Any CPU
		{2B922305-1180-4073-A797-02E35460129B}.Release|ARM.Build.0 = Release|Any CPU
		{2B922305-1180-4073-A797-02E35460129B}.Release|ARM.Deploy.0 = Release|Any CPU
		{2B922305-1180-4073-A797-02E35460129B}.Release|iPhone.ActiveCfg = Release|Any CPU
		{2B922305-1180-4073-A797-02E35460129B}.Release|iPhone.Build.0 = Release|Any CPU
		{2B922305-1180-4073-A797-02E35460129B}.Release|iPhone.Deploy.0 = Release|Any CPU
		{2B922305-1180-4073-A797-02E35460129B}.Release|iPhoneSimulator.ActiveCfg = Release|Any CPU
		{2B922305-1180-4073-A797-02E35460129B}.Release|iPhoneSimulator.Build.0 = Release|Any CPU
		{2B922305-1180-4073-A797-02E35460129B}.Release|iPhoneSimulator.Deploy.0 = Release|Any CPU
		{2B922305-1180-4073-A797-02E35460129B}.Release|x64.ActiveCfg = Release|Any CPU
		{2B922305-1180-4073-A797-02E35460129B}.Release|x64.Build.0 = Release|Any CPU
		{2B922305-1180-4073-A797-02E35460129B}.Release|x64.Deploy.0 = Release|Any CPU
		{2B922305-1180-4073-A797-02E35460129B}.Release|x86.ActiveCfg = Release|Any CPU
		{2B922305-1180-4073-A797-02E35460129B}.Release|x86.Build.0 = Release|Any CPU
		{2B922305-1180-4073-A797-02E35460129B}.Release|x86.Deploy.0 = Release|Any CPU
		{BE819532-426B-4188-9EDE-7B3922749C65}.Ad-Hoc|Any CPU.ActiveCfg = Ad-Hoc|iPhone
		{BE819532-426B-4188-9EDE-7B3922749C65}.Ad-Hoc|Any CPU.Build.0 = Ad-Hoc|iPhone
		{BE819532-426B-4188-9EDE-7B3922749C65}.Ad-Hoc|Any CPU.Deploy.0 = Ad-Hoc|iPhone
		{BE819532-426B-4188-9EDE-7B3922749C65}.Ad-Hoc|ARM.ActiveCfg = Ad-Hoc|iPhone
		{BE819532-426B-4188-9EDE-7B3922749C65}.Ad-Hoc|ARM.Build.0 = Ad-Hoc|iPhone
		{BE819532-426B-4188-9EDE-7B3922749C65}.Ad-Hoc|ARM.Deploy.0 = Ad-Hoc|iPhone
		{BE819532-426B-4188-9EDE-7B3922749C65}.Ad-Hoc|iPhone.ActiveCfg = Ad-Hoc|iPhone
		{BE819532-426B-4188-9EDE-7B3922749C65}.Ad-Hoc|iPhone.Build.0 = Ad-Hoc|iPhone
		{BE819532-426B-4188-9EDE-7B3922749C65}.Ad-Hoc|iPhone.Deploy.0 = Ad-Hoc|iPhone
		{BE819532-426B-4188-9EDE-7B3922749C65}.Ad-Hoc|iPhoneSimulator.ActiveCfg = Ad-Hoc|iPhoneSimulator
		{BE819532-426B-4188-9EDE-7B3922749C65}.Ad-Hoc|iPhoneSimulator.Build.0 = Ad-Hoc|iPhoneSimulator
		{BE819532-426B-4188-9EDE-7B3922749C65}.Ad-Hoc|iPhoneSimulator.Deploy.0 = Ad-Hoc|iPhoneSimulator
		{BE819532-426B-4188-9EDE-7B3922749C65}.Ad-Hoc|x64.ActiveCfg = Ad-Hoc|iPhone
		{BE819532-426B-4188-9EDE-7B3922749C65}.Ad-Hoc|x64.Build.0 = Ad-Hoc|iPhone
		{BE819532-426B-4188-9EDE-7B3922749C65}.Ad-Hoc|x64.Deploy.0 = Ad-Hoc|iPhone
		{BE819532-426B-4188-9EDE-7B3922749C65}.Ad-Hoc|x86.ActiveCfg = Ad-Hoc|iPhone
		{BE819532-426B-4188-9EDE-7B3922749C65}.Ad-Hoc|x86.Build.0 = Ad-Hoc|iPhone
		{BE819532-426B-4188-9EDE-7B3922749C65}.Ad-Hoc|x86.Deploy.0 = Ad-Hoc|iPhone
		{BE819532-426B-4188-9EDE-7B3922749C65}.AppStore|Any CPU.ActiveCfg = AppStore|iPhone
		{BE819532-426B-4188-9EDE-7B3922749C65}.AppStore|Any CPU.Build.0 = AppStore|iPhone
		{BE819532-426B-4188-9EDE-7B3922749C65}.AppStore|Any CPU.Deploy.0 = AppStore|iPhone
		{BE819532-426B-4188-9EDE-7B3922749C65}.AppStore|ARM.ActiveCfg = AppStore|iPhone
		{BE819532-426B-4188-9EDE-7B3922749C65}.AppStore|ARM.Build.0 = AppStore|iPhone
		{BE819532-426B-4188-9EDE-7B3922749C65}.AppStore|ARM.Deploy.0 = AppStore|iPhone
		{BE819532-426B-4188-9EDE-7B3922749C65}.AppStore|iPhone.ActiveCfg = AppStore|iPhone
		{BE819532-426B-4188-9EDE-7B3922749C65}.AppStore|iPhone.Build.0 = AppStore|iPhone
		{BE819532-426B-4188-9EDE-7B3922749C65}.AppStore|iPhone.Deploy.0 = AppStore|iPhone
		{BE819532-426B-4188-9EDE-7B3922749C65}.AppStore|iPhoneSimulator.ActiveCfg = AppStore|iPhoneSimulator
		{BE819532-426B-4188-9EDE-7B3922749C65}.AppStore|iPhoneSimulator.Build.0 = AppStore|iPhoneSimulator
		{BE819532-426B-4188-9EDE-7B3922749C65}.AppStore|iPhoneSimulator.Deploy.0 = AppStore|iPhoneSimulator
		{BE819532-426B-4188-9EDE-7B3922749C65}.AppStore|x64.ActiveCfg = AppStore|iPhone
		{BE819532-426B-4188-9EDE-7B3922749C65}.AppStore|x64.Build.0 = AppStore|iPhone
		{BE819532-426B-4188-9EDE-7B3922749C65}.AppStore|x64.Deploy.0 = AppStore|iPhone
		{BE819532-426B-4188-9EDE-7B3922749C65}.AppStore|x86.ActiveCfg = AppStore|iPhone
		{BE819532-426B-4188-9EDE-7B3922749C65}.AppStore|x86.Build.0 = AppStore|iPhone
		{BE819532-426B-4188-9EDE-7B3922749C65}.AppStore|x86.Deploy.0 = AppStore|iPhone
		{BE819532-426B-4188-9EDE-7B3922749C65}.Debug|Any CPU.ActiveCfg = Debug|iPhoneSimulator
		{BE819532-426B-4188-9EDE-7B3922749C65}.Debug|Any CPU.Build.0 = Debug|iPhoneSimulator
		{BE819532-426B-4188-9EDE-7B3922749C65}.Debug|Any CPU.Deploy.0 = Debug|iPhoneSimulator
		{BE819532-426B-4188-9EDE-7B3922749C65}.Debug|ARM.ActiveCfg = Debug|iPhone
		{BE819532-426B-4188-9EDE-7B3922749C65}.Debug|ARM.Build.0 = Debug|iPhone
		{BE819532-426B-4188-9EDE-7B3922749C65}.Debug|ARM.Deploy.0 = Debug|iPhone
		{BE819532-426B-4188-9EDE-7B3922749C65}.Debug|iPhone.ActiveCfg = Debug|iPhone
		{BE819532-426B-4188-9EDE-7B3922749C65}.Debug|iPhone.Build.0 = Debug|iPhone
		{BE819532-426B-4188-9EDE-7B3922749C65}.Debug|iPhone.Deploy.0 = Debug|iPhone
		{BE819532-426B-4188-9EDE-7B3922749C65}.Debug|iPhoneSimulator.ActiveCfg = Debug|iPhoneSimulator
		{BE819532-426B-4188-9EDE-7B3922749C65}.Debug|iPhoneSimulator.Build.0 = Debug|iPhoneSimulator
		{BE819532-426B-4188-9EDE-7B3922749C65}.Debug|iPhoneSimulator.Deploy.0 = Debug|iPhoneSimulator
		{BE819532-426B-4188-9EDE-7B3922749C65}.Debug|x64.ActiveCfg = Debug|iPhone
		{BE819532-426B-4188-9EDE-7B3922749C65}.Debug|x64.Build.0 = Debug|iPhone
		{BE819532-426B-4188-9EDE-7B3922749C65}.Debug|x64.Deploy.0 = Debug|iPhone
		{BE819532-426B-4188-9EDE-7B3922749C65}.Debug|x86.ActiveCfg = Debug|iPhone
		{BE819532-426B-4188-9EDE-7B3922749C65}.Debug|x86.Build.0 = Debug|iPhone
		{BE819532-426B-4188-9EDE-7B3922749C65}.Debug|x86.Deploy.0 = Debug|iPhone
		{BE819532-426B-4188-9EDE-7B3922749C65}.Release|Any CPU.ActiveCfg = Release|iPhone
		{BE819532-426B-4188-9EDE-7B3922749C65}.Release|Any CPU.Build.0 = Release|iPhone
		{BE819532-426B-4188-9EDE-7B3922749C65}.Release|Any CPU.Deploy.0 = Release|iPhone
		{BE819532-426B-4188-9EDE-7B3922749C65}.Release|ARM.ActiveCfg = Release|iPhone
		{BE819532-426B-4188-9EDE-7B3922749C65}.Release|ARM.Build.0 = Release|iPhone
		{BE819532-426B-4188-9EDE-7B3922749C65}.Release|ARM.Deploy.0 = Release|iPhone
		{BE819532-426B-4188-9EDE-7B3922749C65}.Release|iPhone.ActiveCfg = Release|iPhone
		{BE819532-426B-4188-9EDE-7B3922749C65}.Release|iPhone.Build.0 = Release|iPhone
		{BE819532-426B-4188-9EDE-7B3922749C65}.Release|iPhone.Deploy.0 = Release|iPhone
		{BE819532-426B-4188-9EDE-7B3922749C65}.Release|iPhoneSimulator.ActiveCfg = Release|iPhoneSimulator
		{BE819532-426B-4188-9EDE-7B3922749C65}.Release|iPhoneSimulator.Build.0 = Release|iPhoneSimulator
		{BE819532-426B-4188-9EDE-7B3922749C65}.Release|iPhoneSimulator.Deploy.0 = Release|iPhoneSimulator
		{BE819532-426B-4188-9EDE-7B3922749C65}.Release|x64.ActiveCfg = Release|iPhone
		{BE819532-426B-4188-9EDE-7B3922749C65}.Release|x64.Build.0 = Release|iPhone
		{BE819532-426B-4188-9EDE-7B3922749C65}.Release|x64.Deploy.0 = Release|iPhone
		{BE819532-426B-4188-9EDE-7B3922749C65}.Release|x86.ActiveCfg = Release|iPhone
		{BE819532-426B-4188-9EDE-7B3922749C65}.Release|x86.Build.0 = Release|iPhone
		{BE819532-426B-4188-9EDE-7B3922749C65}.Release|x86.Deploy.0 = Release|iPhone
		{A3F356F3-77BF-4184-918A-FB19B79D218F}.Ad-Hoc|Any CPU.ActiveCfg = Release|x86
		{A3F356F3-77BF-4184-918A-FB19B79D218F}.Ad-Hoc|Any CPU.Build.0 = Release|x86
		{A3F356F3-77BF-4184-918A-FB19B79D218F}.Ad-Hoc|Any CPU.Deploy.0 = Release|x86
		{A3F356F3-77BF-4184-918A-FB19B79D218F}.Ad-Hoc|ARM.ActiveCfg = Release|ARM
		{A3F356F3-77BF-4184-918A-FB19B79D218F}.Ad-Hoc|ARM.Build.0 = Release|ARM
		{A3F356F3-77BF-4184-918A-FB19B79D218F}.Ad-Hoc|ARM.Deploy.0 = Release|ARM
		{A3F356F3-77BF-4184-918A-FB19B79D218F}.Ad-Hoc|iPhone.ActiveCfg = Release|x86
		{A3F356F3-77BF-4184-918A-FB19B79D218F}.Ad-Hoc|iPhone.Build.0 = Release|x86
		{A3F356F3-77BF-4184-918A-FB19B79D218F}.Ad-Hoc|iPhone.Deploy.0 = Release|x86
		{A3F356F3-77BF-4184-918A-FB19B79D218F}.Ad-Hoc|iPhoneSimulator.ActiveCfg = Release|x86
		{A3F356F3-77BF-4184-918A-FB19B79D218F}.Ad-Hoc|iPhoneSimulator.Build.0 = Release|x86
		{A3F356F3-77BF-4184-918A-FB19B79D218F}.Ad-Hoc|iPhoneSimulator.Deploy.0 = Release|x86
		{A3F356F3-77BF-4184-918A-FB19B79D218F}.Ad-Hoc|x64.ActiveCfg = Release|x64
		{A3F356F3-77BF-4184-918A-FB19B79D218F}.Ad-Hoc|x64.Build.0 = Release|x64
		{A3F356F3-77BF-4184-918A-FB19B79D218F}.Ad-Hoc|x64.Deploy.0 = Release|x64
		{A3F356F3-77BF-4184-918A-FB19B79D218F}.Ad-Hoc|x86.ActiveCfg = Release|x86
		{A3F356F3-77BF-4184-918A-FB19B79D218F}.Ad-Hoc|x86.Build.0 = Release|x86
		{A3F356F3-77BF-4184-918A-FB19B79D218F}.Ad-Hoc|x86.Deploy.0 = Release|x86
		{A3F356F3-77BF-4184-918A-FB19B79D218F}.AppStore|Any CPU.ActiveCfg = Release|x86
		{A3F356F3-77BF-4184-918A-FB19B79D218F}.AppStore|Any CPU.Build.0 = Release|x86
		{A3F356F3-77BF-4184-918A-FB19B79D218F}.AppStore|Any CPU.Deploy.0 = Release|x86
		{A3F356F3-77BF-4184-918A-FB19B79D218F}.AppStore|ARM.ActiveCfg = Release|ARM
		{A3F356F3-77BF-4184-918A-FB19B79D218F}.AppStore|ARM.Build.0 = Release|ARM
		{A3F356F3-77BF-4184-918A-FB19B79D218F}.AppStore|ARM.Deploy.0 = Release|ARM
		{A3F356F3-77BF-4184-918A-FB19B79D218F}.AppStore|iPhone.ActiveCfg = Release|x86
		{A3F356F3-77BF-4184-918A-FB19B79D218F}.AppStore|iPhone.Build.0 = Release|x86
		{A3F356F3-77BF-4184-918A-FB19B79D218F}.AppStore|iPhone.Deploy.0 = Release|x86
		{A3F356F3-77BF-4184-918A-FB19B79D218F}.AppStore|iPhoneSimulator.ActiveCfg = Release|x86
		{A3F356F3-77BF-4184-918A-FB19B79D218F}.AppStore|iPhoneSimulator.Build.0 = Release|x86
		{A3F356F3-77BF-4184-918A-FB19B79D218F}.AppStore|iPhoneSimulator.Deploy.0 = Release|x86
		{A3F356F3-77BF-4184-918A-FB19B79D218F}.AppStore|x64.ActiveCfg = Release|x64
		{A3F356F3-77BF-4184-918A-FB19B79D218F}.AppStore|x64.Build.0 = Release|x64
		{A3F356F3-77BF-4184-918A-FB19B79D218F}.AppStore|x64.Deploy.0 = Release|x64
		{A3F356F3-77BF-4184-918A-FB19B79D218F}.AppStore|x86.ActiveCfg = Release|x86
		{A3F356F3-77BF-4184-918A-FB19B79D218F}.AppStore|x86.Build.0 = Release|x86
		{A3F356F3-77BF-4184-918A-FB19B79D218F}.AppStore|x86.Deploy.0 = Release|x86
		{A3F356F3-77BF-4184-918A-FB19B79D218F}.Debug|Any CPU.ActiveCfg = Debug|x86
		{A3F356F3-77BF-4184-918A-FB19B79D218F}.Debug|Any CPU.Build.0 = Debug|x86
		{A3F356F3-77BF-4184-918A-FB19B79D218F}.Debug|Any CPU.Deploy.0 = Debug|x86
		{A3F356F3-77BF-4184-918A-FB19B79D218F}.Debug|ARM.ActiveCfg = Debug|ARM
		{A3F356F3-77BF-4184-918A-FB19B79D218F}.Debug|ARM.Build.0 = Debug|ARM
		{A3F356F3-77BF-4184-918A-FB19B79D218F}.Debug|ARM.Deploy.0 = Debug|ARM
		{A3F356F3-77BF-4184-918A-FB19B79D218F}.Debug|iPhone.ActiveCfg = Debug|x86
		{A3F356F3-77BF-4184-918A-FB19B79D218F}.Debug|iPhone.Build.0 = Debug|x86
		{A3F356F3-77BF-4184-918A-FB19B79D218F}.Debug|iPhone.Deploy.0 = Debug|x86
		{A3F356F3-77BF-4184-918A-FB19B79D218F}.Debug|iPhoneSimulator.ActiveCfg = Debug|x86
		{A3F356F3-77BF-4184-918A-FB19B79D218F}.Debug|iPhoneSimulator.Build.0 = Debug|x86
		{A3F356F3-77BF-4184-918A-FB19B79D218F}.Debug|iPhoneSimulator.Deploy.0 = Debug|x86
		{A3F356F3-77BF-4184-918A-FB19B79D218F}.Debug|x64.ActiveCfg = Debug|x64
		{A3F356F3-77BF-4184-918A-FB19B79D218F}.Debug|x64.Build.0 = Debug|x64
		{A3F356F3-77BF-4184-918A-FB19B79D218F}.Debug|x64.Deploy.0 = Debug|x64
		{A3F356F3-77BF-4184-918A-FB19B79D218F}.Debug|x86.ActiveCfg = Debug|x86
		{A3F356F3-77BF-4184-918A-FB19B79D218F}.Debug|x86.Build.0 = Debug|x86
		{A3F356F3-77BF-4184-918A-FB19B79D218F}.Debug|x86.Deploy.0 = Debug|x86
		{A3F356F3-77BF-4184-918A-FB19B79D218F}.Release|Any CPU.ActiveCfg = Release|x86
		{A3F356F3-77BF-4184-918A-FB19B79D218F}.Release|Any CPU.Build.0 = Release|x86
		{A3F356F3-77BF-4184-918A-FB19B79D218F}.Release|Any CPU.Deploy.0 = Release|x86
		{A3F356F3-77BF-4184-918A-FB19B79D218F}.Release|ARM.ActiveCfg = Release|ARM
		{A3F356F3-77BF-4184-918A-FB19B79D218F}.Release|ARM.Build.0 = Release|ARM
		{A3F356F3-77BF-4184-918A-FB19B79D218F}.Release|ARM.Deploy.0 = Release|ARM
		{A3F356F3-77BF-4184-918A-FB19B79D218F}.Release|iPhone.ActiveCfg = Release|x86
		{A3F356F3-77BF-4184-918A-FB19B79D218F}.Release|iPhone.Build.0 = Release|x86
		{A3F356F3-77BF-4184-918A-FB19B79D218F}.Release|iPhone.Deploy.0 = Release|x86
		{A3F356F3-77BF-4184-918A-FB19B79D218F}.Release|iPhoneSimulator.ActiveCfg = Release|x86
		{A3F356F3-77BF-4184-918A-FB19B79D218F}.Release|iPhoneSimulator.Build.0 = Release|x86
		{A3F356F3-77BF-4184-918A-FB19B79D218F}.Release|iPhoneSimulator.Deploy.0 = Release|x86
		{A3F356F3-77BF-4184-918A-FB19B79D218F}.Release|x64.ActiveCfg = Release|x64
		{A3F356F3-77BF-4184-918A-FB19B79D218F}.Release|x64.Build.0 = Release|x64
		{A3F356F3-77BF-4184-918A-FB19B79D218F}.Release|x64.Deploy.0 = Release|x64
		{A3F356F3-77BF-4184-918A-FB19B79D218F}.Release|x86.ActiveCfg = Release|x86
		{A3F356F3-77BF-4184-918A-FB19B79D218F}.Release|x86.Build.0 = Release|x86
		{A3F356F3-77BF-4184-918A-FB19B79D218F}.Release|x86.Deploy.0 = Release|x86
		{C9B3DAC4-0A45-48D6-A487-FFA28FEFFA9E}.Ad-Hoc|Any CPU.ActiveCfg = Debug|Any CPU
		{C9B3DAC4-0A45-48D6-A487-FFA28FEFFA9E}.Ad-Hoc|Any CPU.Build.0 = Debug|Any CPU
		{C9B3DAC4-0A45-48D6-A487-FFA28FEFFA9E}.Ad-Hoc|Any CPU.Deploy.0 = Debug|Any CPU
		{C9B3DAC4-0A45-48D6-A487-FFA28FEFFA9E}.Ad-Hoc|ARM.ActiveCfg = Debug|Any CPU
		{C9B3DAC4-0A45-48D6-A487-FFA28FEFFA9E}.Ad-Hoc|ARM.Build.0 = Debug|Any CPU
		{C9B3DAC4-0A45-48D6-A487-FFA28FEFFA9E}.Ad-Hoc|ARM.Deploy.0 = Debug|Any CPU
		{C9B3DAC4-0A45-48D6-A487-FFA28FEFFA9E}.Ad-Hoc|iPhone.ActiveCfg = Debug|Any CPU
		{C9B3DAC4-0A45-48D6-A487-FFA28FEFFA9E}.Ad-Hoc|iPhone.Build.0 = Debug|Any CPU
		{C9B3DAC4-0A45-48D6-A487-FFA28FEFFA9E}.Ad-Hoc|iPhone.Deploy.0 = Debug|Any CPU
		{C9B3DAC4-0A45-48D6-A487-FFA28FEFFA9E}.Ad-Hoc|iPhoneSimulator.ActiveCfg = Debug|Any CPU
		{C9B3DAC4-0A45-48D6-A487-FFA28FEFFA9E}.Ad-Hoc|iPhoneSimulator.Build.0 = Debug|Any CPU
		{C9B3DAC4-0A45-48D6-A487-FFA28FEFFA9E}.Ad-Hoc|iPhoneSimulator.Deploy.0 = Debug|Any CPU
		{C9B3DAC4-0A45-48D6-A487-FFA28FEFFA9E}.Ad-Hoc|x64.ActiveCfg = Debug|Any CPU
		{C9B3DAC4-0A45-48D6-A487-FFA28FEFFA9E}.Ad-Hoc|x64.Build.0 = Debug|Any CPU
		{C9B3DAC4-0A45-48D6-A487-FFA28FEFFA9E}.Ad-Hoc|x64.Deploy.0 = Debug|Any CPU
		{C9B3DAC4-0A45-48D6-A487-FFA28FEFFA9E}.Ad-Hoc|x86.ActiveCfg = Debug|Any CPU
		{C9B3DAC4-0A45-48D6-A487-FFA28FEFFA9E}.Ad-Hoc|x86.Build.0 = Debug|Any CPU
		{C9B3DAC4-0A45-48D6-A487-FFA28FEFFA9E}.Ad-Hoc|x86.Deploy.0 = Debug|Any CPU
		{C9B3DAC4-0A45-48D6-A487-FFA28FEFFA9E}.AppStore|Any CPU.ActiveCfg = Debug|Any CPU
		{C9B3DAC4-0A45-48D6-A487-FFA28FEFFA9E}.AppStore|Any CPU.Build.0 = Debug|Any CPU
		{C9B3DAC4-0A45-48D6-A487-FFA28FEFFA9E}.AppStore|Any CPU.Deploy.0 = Debug|Any CPU
		{C9B3DAC4-0A45-48D6-A487-FFA28FEFFA9E}.AppStore|ARM.ActiveCfg = Debug|Any CPU
		{C9B3DAC4-0A45-48D6-A487-FFA28FEFFA9E}.AppStore|ARM.Build.0 = Debug|Any CPU
		{C9B3DAC4-0A45-48D6-A487-FFA28FEFFA9E}.AppStore|ARM.Deploy.0 = Debug|Any CPU
		{C9B3DAC4-0A45-48D6-A487-FFA28FEFFA9E}.AppStore|iPhone.ActiveCfg = Debug|Any CPU
		{C9B3DAC4-0A45-48D6-A487-FFA28FEFFA9E}.AppStore|iPhone.Build.0 = Debug|Any CPU
		{C9B3DAC4-0A45-48D6-A487-FFA28FEFFA9E}.AppStore|iPhone.Deploy.0 = Debug|Any CPU
		{C9B3DAC4-0A45-48D6-A487-FFA28FEFFA9E}.AppStore|iPhoneSimulator.ActiveCfg = Debug|Any CPU
		{C9B3DAC4-0A45-48D6-A487-FFA28FEFFA9E}.AppStore|iPhoneSimulator.Build.0 = Debug|Any CPU
		{C9B3DAC4-0A45-48D6-A487-FFA28FEFFA9E}.AppStore|iPhoneSimulator.Deploy.0 = Debug|Any CPU
		{C9B3DAC4-0A45-48D6-A487-FFA28FEFFA9E}.AppStore|x64.ActiveCfg = Debug|Any CPU
		{C9B3DAC4-0A45-48D6-A487-FFA28FEFFA9E}.AppStore|x64.Build.0 = Debug|Any CPU
		{C9B3DAC4-0A45-48D6-A487-FFA28FEFFA9E}.AppStore|x64.Deploy.0 = Debug|Any CPU
		{C9B3DAC4-0A45-48D6-A487-FFA28FEFFA9E}.AppStore|x86.ActiveCfg = Debug|Any CPU
		{C9B3DAC4-0A45-48D6-A487-FFA28FEFFA9E}.AppStore|x86.Build.0 = Debug|Any CPU
		{C9B3DAC4-0A45-48D6-A487-FFA28FEFFA9E}.AppStore|x86.Deploy.0 = Debug|Any CPU
		{C9B3DAC4-0A45-48D6-A487-FFA28FEFFA9E}.Debug|Any CPU.ActiveCfg = Debug|Any CPU
		{C9B3DAC4-0A45-48D6-A487-FFA28FEFFA9E}.Debug|Any CPU.Build.0 = Debug|Any CPU
		{C9B3DAC4-0A45-48D6-A487-FFA28FEFFA9E}.Debug|Any CPU.Deploy.0 = Debug|Any CPU
		{C9B3DAC4-0A45-48D6-A487-FFA28FEFFA9E}.Debug|ARM.ActiveCfg = Debug|Any CPU
		{C9B3DAC4-0A45-48D6-A487-FFA28FEFFA9E}.Debug|ARM.Build.0 = Debug|Any CPU
		{C9B3DAC4-0A45-48D6-A487-FFA28FEFFA9E}.Debug|ARM.Deploy.0 = Debug|Any CPU
		{C9B3DAC4-0A45-48D6-A487-FFA28FEFFA9E}.Debug|iPhone.ActiveCfg = Debug|Any CPU
		{C9B3DAC4-0A45-48D6-A487-FFA28FEFFA9E}.Debug|iPhone.Build.0 = Debug|Any CPU
		{C9B3DAC4-0A45-48D6-A487-FFA28FEFFA9E}.Debug|iPhone.Deploy.0 = Debug|Any CPU
		{C9B3DAC4-0A45-48D6-A487-FFA28FEFFA9E}.Debug|iPhoneSimulator.ActiveCfg = Debug|Any CPU
		{C9B3DAC4-0A45-48D6-A487-FFA28FEFFA9E}.Debug|iPhoneSimulator.Build.0 = Debug|Any CPU
		{C9B3DAC4-0A45-48D6-A487-FFA28FEFFA9E}.Debug|iPhoneSimulator.Deploy.0 = Debug|Any CPU
		{C9B3DAC4-0A45-48D6-A487-FFA28FEFFA9E}.Debug|x64.ActiveCfg = Debug|Any CPU
		{C9B3DAC4-0A45-48D6-A487-FFA28FEFFA9E}.Debug|x64.Build.0 = Debug|Any CPU
		{C9B3DAC4-0A45-48D6-A487-FFA28FEFFA9E}.Debug|x64.Deploy.0 = Debug|Any CPU
		{C9B3DAC4-0A45-48D6-A487-FFA28FEFFA9E}.Debug|x86.ActiveCfg = Debug|Any CPU
		{C9B3DAC4-0A45-48D6-A487-FFA28FEFFA9E}.Debug|x86.Build.0 = Debug|Any CPU
		{C9B3DAC4-0A45-48D6-A487-FFA28FEFFA9E}.Debug|x86.Deploy.0 = Debug|Any CPU
		{C9B3DAC4-0A45-48D6-A487-FFA28FEFFA9E}.Release|Any CPU.ActiveCfg = Release|Any CPU
		{C9B3DAC4-0A45-48D6-A487-FFA28FEFFA9E}.Release|Any CPU.Build.0 = Release|Any CPU
		{C9B3DAC4-0A45-48D6-A487-FFA28FEFFA9E}.Release|Any CPU.Deploy.0 = Release|Any CPU
		{C9B3DAC4-0A45-48D6-A487-FFA28FEFFA9E}.Release|ARM.ActiveCfg = Release|Any CPU
		{C9B3DAC4-0A45-48D6-A487-FFA28FEFFA9E}.Release|ARM.Build.0 = Release|Any CPU
		{C9B3DAC4-0A45-48D6-A487-FFA28FEFFA9E}.Release|ARM.Deploy.0 = Release|Any CPU
		{C9B3DAC4-0A45-48D6-A487-FFA28FEFFA9E}.Release|iPhone.ActiveCfg = Release|Any CPU
		{C9B3DAC4-0A45-48D6-A487-FFA28FEFFA9E}.Release|iPhone.Build.0 = Release|Any CPU
		{C9B3DAC4-0A45-48D6-A487-FFA28FEFFA9E}.Release|iPhone.Deploy.0 = Release|Any CPU
		{C9B3DAC4-0A45-48D6-A487-FFA28FEFFA9E}.Release|iPhoneSimulator.ActiveCfg = Release|Any CPU
		{C9B3DAC4-0A45-48D6-A487-FFA28FEFFA9E}.Release|iPhoneSimulator.Build.0 = Release|Any CPU
		{C9B3DAC4-0A45-48D6-A487-FFA28FEFFA9E}.Release|iPhoneSimulator.Deploy.0 = Release|Any CPU
		{C9B3DAC4-0A45-48D6-A487-FFA28FEFFA9E}.Release|x64.ActiveCfg = Release|Any CPU
		{C9B3DAC4-0A45-48D6-A487-FFA28FEFFA9E}.Release|x64.Build.0 = Release|Any CPU
		{C9B3DAC4-0A45-48D6-A487-FFA28FEFFA9E}.Release|x64.Deploy.0 = Release|Any CPU
		{C9B3DAC4-0A45-48D6-A487-FFA28FEFFA9E}.Release|x86.ActiveCfg = Release|Any CPU
		{C9B3DAC4-0A45-48D6-A487-FFA28FEFFA9E}.Release|x86.Build.0 = Release|Any CPU
		{C9B3DAC4-0A45-48D6-A487-FFA28FEFFA9E}.Release|x86.Deploy.0 = Release|Any CPU
	EndGlobalSection
	GlobalSection(SolutionProperties) = preSolution
		HideSolutionNode = FALSE
	EndGlobalSection
	GlobalSection(ExtensibilityGlobals) = postSolution
		SolutionGuid = {6C1B75C0-B203-46BB-814E-9B60DD965FB1}
	EndGlobalSection
EndGlobal
